
Microsoft Visual Studio Solution File, Format Version 11.00
# Visual Studio 2010
Project("{FAE04EC0-301F-11D3-BF4B-00C04F79EFBC}") = "Source", "Source\Source.csproj", "{162916CD-A88B-4B8E-9283-D882387442D5}"
EndProject
Project("{FAE04EC0-301F-11D3-BF4B-00C04F79EFBC}") = "Tests", "Tests\Tests.csproj", "{D8E708CA-C871-4103-B585-17F900B78A1B}"
EndProject
Project("{FAE04EC0-301F-11D3-BF4B-00C04F79EFBC}") = "Build", "Build\Build.csproj", "{88A0488C-A490-45A5-BB8F-1E9D0EE620DB}"
EndProject
Global
	GlobalSection(SolutionConfigurationPlatforms) = preSolution
		Debug|Any CPU = Debug|Any CPU
		Release|Any CPU = Release|Any CPU
	EndGlobalSection
	GlobalSection(ProjectConfigurationPlatforms) = postSolution
		{162916CD-A88B-4B8E-9283-D882387442D5}.Debug|Any CPU.ActiveCfg = Debug|Any CPU
		{162916CD-A88B-4B8E-9283-D882387442D5}.Debug|Any CPU.Build.0 = Debug|Any CPU
		{162916CD-A88B-4B8E-9283-D882387442D5}.Release|Any CPU.ActiveCfg = Release|Any CPU
		{162916CD-A88B-4B8E-9283-D882387442D5}.Release|Any CPU.Build.0 = Release|Any CPU
		{D8E708CA-C871-4103-B585-17F900B78A1B}.Debug|Any CPU.ActiveCfg = Debug|Any CPU
		{D8E708CA-C871-4103-B585-17F900B78A1B}.Debug|Any CPU.Build.0 = Debug|Any CPU
		{D8E708CA-C871-4103-B585-17F900B78A1B}.Release|Any CPU.ActiveCfg = Release|Any CPU
		{D8E708CA-C871-4103-B585-17F900B78A1B}.Release|Any CPU.Build.0 = Release|Any CPU
		{88A0488C-A490-45A5-BB8F-1E9D0EE620DB}.Debug|Any CPU.ActiveCfg = Debug|Any CPU
		{88A0488C-A490-45A5-BB8F-1E9D0EE620DB}.Debug|Any CPU.Build.0 = Debug|Any CPU
		{88A0488C-A490-45A5-BB8F-1E9D0EE620DB}.Release|Any CPU.ActiveCfg = Release|Any CPU
		{88A0488C-A490-45A5-BB8F-1E9D0EE620DB}.Release|Any CPU.Build.0 = Release|Any CPU
	EndGlobalSection
	GlobalSection(SolutionProperties) = preSolution
		HideSolutionNode = FALSE
	EndGlobalSection
EndGlobal
