
Microsoft Visual Studio Solution File, Format Version 11.00
# Visual Studio 2010
Project("{FAE04EC0-301F-11D3-BF4B-00C04F79EFBC}") = "Source", "Source\Source.csproj", "{3C2110F2-9EF8-4701-9522-511FC5B57889}"
EndProject
Project("{FAE04EC0-301F-11D3-BF4B-00C04F79EFBC}") = "Tests", "Tests\Tests.csproj", "{08B14B5F-7B82-4DF8-A7AA-D27FA88D2CE2}"
EndProject
Global
	GlobalSection(SolutionConfigurationPlatforms) = preSolution
		Debug|Any CPU = Debug|Any CPU
		Release|Any CPU = Release|Any CPU
	EndGlobalSection
	GlobalSection(ProjectConfigurationPlatforms) = postSolution
		{3C2110F2-9EF8-4701-9522-511FC5B57889}.Debug|Any CPU.ActiveCfg = Debug|Any CPU
		{3C2110F2-9EF8-4701-9522-511FC5B57889}.Debug|Any CPU.Build.0 = Debug|Any CPU
		{3C2110F2-9EF8-4701-9522-511FC5B57889}.Release|Any CPU.ActiveCfg = Release|Any CPU
		{3C2110F2-9EF8-4701-9522-511FC5B57889}.Release|Any CPU.Build.0 = Release|Any CPU
		{08B14B5F-7B82-4DF8-A7AA-D27FA88D2CE2}.Debug|Any CPU.ActiveCfg = Debug|Any CPU
		{08B14B5F-7B82-4DF8-A7AA-D27FA88D2CE2}.Debug|Any CPU.Build.0 = Debug|Any CPU
		{08B14B5F-7B82-4DF8-A7AA-D27FA88D2CE2}.Release|Any CPU.ActiveCfg = Release|Any CPU
		{08B14B5F-7B82-4DF8-A7AA-D27FA88D2CE2}.Release|Any CPU.Build.0 = Release|Any CPU
	EndGlobalSection
	GlobalSection(SolutionProperties) = preSolution
		HideSolutionNode = FALSE
	EndGlobalSection
EndGlobal
