
Microsoft Visual Studio Solution File, Format Version 11.00
# Visual Studio 2010
Project("{FAE04EC0-301F-11D3-BF4B-00C04F79EFBC}") = "Source", "Source\Source.csproj", "{393CD3B5-793A-4EE0-B1C7-77D2AA55AE41}"
EndProject
Project("{FAE04EC0-301F-11D3-BF4B-00C04F79EFBC}") = "Tests", "Tests\Tests.csproj", "{57F5E348-5142-4C3A-8FA5-5B1F4E77E362}"
EndProject
Project("{FAE04EC0-301F-11D3-BF4B-00C04F79EFBC}") = "Build", "Build\Build.csproj", "{EF24CDBC-F9AB-4C0A-A202-76E0782F7286}"
EndProject
Global
	GlobalSection(SolutionConfigurationPlatforms) = preSolution
		Debug|Any CPU = Debug|Any CPU
		Release|Any CPU = Release|Any CPU
	EndGlobalSection
	GlobalSection(ProjectConfigurationPlatforms) = postSolution
		{393CD3B5-793A-4EE0-B1C7-77D2AA55AE41}.Debug|Any CPU.ActiveCfg = Debug|Any CPU
		{393CD3B5-793A-4EE0-B1C7-77D2AA55AE41}.Debug|Any CPU.Build.0 = Debug|Any CPU
		{393CD3B5-793A-4EE0-B1C7-77D2AA55AE41}.Release|Any CPU.ActiveCfg = Release|Any CPU
		{393CD3B5-793A-4EE0-B1C7-77D2AA55AE41}.Release|Any CPU.Build.0 = Release|Any CPU
		{57F5E348-5142-4C3A-8FA5-5B1F4E77E362}.Debug|Any CPU.ActiveCfg = Debug|Any CPU
		{57F5E348-5142-4C3A-8FA5-5B1F4E77E362}.Debug|Any CPU.Build.0 = Debug|Any CPU
		{57F5E348-5142-4C3A-8FA5-5B1F4E77E362}.Release|Any CPU.ActiveCfg = Release|Any CPU
		{57F5E348-5142-4C3A-8FA5-5B1F4E77E362}.Release|Any CPU.Build.0 = Release|Any CPU
		{EF24CDBC-F9AB-4C0A-A202-76E0782F7286}.Debug|Any CPU.ActiveCfg = Debug|Any CPU
		{EF24CDBC-F9AB-4C0A-A202-76E0782F7286}.Debug|Any CPU.Build.0 = Debug|Any CPU
		{EF24CDBC-F9AB-4C0A-A202-76E0782F7286}.Release|Any CPU.ActiveCfg = Release|Any CPU
		{EF24CDBC-F9AB-4C0A-A202-76E0782F7286}.Release|Any CPU.Build.0 = Release|Any CPU
	EndGlobalSection
	GlobalSection(SolutionProperties) = preSolution
		HideSolutionNode = FALSE
	EndGlobalSection
EndGlobal
