
Microsoft Visual Studio Solution File, Format Version 11.00
# Visual Studio 2010
Project("{FAE04EC0-301F-11D3-BF4B-00C04F79EFBC}") = "Source", "Source\Source.csproj", "{24D174A7-54F9-4D3E-ABB3-B923D0F4C418}"
EndProject
Project("{FAE04EC0-301F-11D3-BF4B-00C04F79EFBC}") = "Tests", "Tests\Tests.csproj", "{D716AC3F-AEF2-4D5F-A24C-7C56345482F7}"
EndProject
Global
	GlobalSection(SolutionConfigurationPlatforms) = preSolution
		Debug|Any CPU = Debug|Any CPU
		Release|Any CPU = Release|Any CPU
	EndGlobalSection
	GlobalSection(ProjectConfigurationPlatforms) = postSolution
		{24D174A7-54F9-4D3E-ABB3-B923D0F4C418}.Debug|Any CPU.ActiveCfg = Debug|Any CPU
		{24D174A7-54F9-4D3E-ABB3-B923D0F4C418}.Debug|Any CPU.Build.0 = Debug|Any CPU
		{24D174A7-54F9-4D3E-ABB3-B923D0F4C418}.Release|Any CPU.ActiveCfg = Release|Any CPU
		{24D174A7-54F9-4D3E-ABB3-B923D0F4C418}.Release|Any CPU.Build.0 = Release|Any CPU
		{D716AC3F-AEF2-4D5F-A24C-7C56345482F7}.Debug|Any CPU.ActiveCfg = Debug|Any CPU
		{D716AC3F-AEF2-4D5F-A24C-7C56345482F7}.Debug|Any CPU.Build.0 = Debug|Any CPU
		{D716AC3F-AEF2-4D5F-A24C-7C56345482F7}.Release|Any CPU.ActiveCfg = Release|Any CPU
		{D716AC3F-AEF2-4D5F-A24C-7C56345482F7}.Release|Any CPU.Build.0 = Release|Any CPU
	EndGlobalSection
	GlobalSection(SolutionProperties) = preSolution
		HideSolutionNode = FALSE
	EndGlobalSection
EndGlobal
