
Microsoft Visual Studio Solution File, Format Version 11.00
# Visual Studio 2010
Project("{FAE04EC0-301F-11D3-BF4B-00C04F79EFBC}") = "Source", "Source\Source.csproj", "{9A325AD8-2BF1-4B8B-87F2-0DD9275F5DA6}"
EndProject
Project("{FAE04EC0-301F-11D3-BF4B-00C04F79EFBC}") = "Tests", "Tests\Tests.csproj", "{DF552638-5CF2-4759-8F67-EE84424E1CA0}"
EndProject
Global
	GlobalSection(SolutionConfigurationPlatforms) = preSolution
		Debug|Any CPU = Debug|Any CPU
		Release|Any CPU = Release|Any CPU
	EndGlobalSection
	GlobalSection(ProjectConfigurationPlatforms) = postSolution
		{9A325AD8-2BF1-4B8B-87F2-0DD9275F5DA6}.Debug|Any CPU.ActiveCfg = Debug|Any CPU
		{9A325AD8-2BF1-4B8B-87F2-0DD9275F5DA6}.Debug|Any CPU.Build.0 = Debug|Any CPU
		{9A325AD8-2BF1-4B8B-87F2-0DD9275F5DA6}.Release|Any CPU.ActiveCfg = Release|Any CPU
		{9A325AD8-2BF1-4B8B-87F2-0DD9275F5DA6}.Release|Any CPU.Build.0 = Release|Any CPU
		{DF552638-5CF2-4759-8F67-EE84424E1CA0}.Debug|Any CPU.ActiveCfg = Debug|Any CPU
		{DF552638-5CF2-4759-8F67-EE84424E1CA0}.Debug|Any CPU.Build.0 = Debug|Any CPU
		{DF552638-5CF2-4759-8F67-EE84424E1CA0}.Release|Any CPU.ActiveCfg = Release|Any CPU
		{DF552638-5CF2-4759-8F67-EE84424E1CA0}.Release|Any CPU.Build.0 = Release|Any CPU
	EndGlobalSection
	GlobalSection(SolutionProperties) = preSolution
		HideSolutionNode = FALSE
	EndGlobalSection
EndGlobal
