
Microsoft Visual Studio Solution File, Format Version 11.00
# Visual Studio 2010
Project("{FAE04EC0-301F-11D3-BF4B-00C04F79EFBC}") = "Source", "Source\Source.csproj", "{68574FDC-6F80-448E-B0B1-FAD3407AFF0C}"
EndProject
Project("{FAE04EC0-301F-11D3-BF4B-00C04F79EFBC}") = "Tests", "Tests\Tests.csproj", "{19A1220C-590F-4418-8E4E-7361EA76E02B}"
EndProject
Global
	GlobalSection(SolutionConfigurationPlatforms) = preSolution
		Debug|Any CPU = Debug|Any CPU
		Release|Any CPU = Release|Any CPU
	EndGlobalSection
	GlobalSection(ProjectConfigurationPlatforms) = postSolution
		{68574FDC-6F80-448E-B0B1-FAD3407AFF0C}.Debug|Any CPU.ActiveCfg = Debug|Any CPU
		{68574FDC-6F80-448E-B0B1-FAD3407AFF0C}.Debug|Any CPU.Build.0 = Debug|Any CPU
		{68574FDC-6F80-448E-B0B1-FAD3407AFF0C}.Release|Any CPU.ActiveCfg = Release|Any CPU
		{68574FDC-6F80-448E-B0B1-FAD3407AFF0C}.Release|Any CPU.Build.0 = Release|Any CPU
		{19A1220C-590F-4418-8E4E-7361EA76E02B}.Debug|Any CPU.ActiveCfg = Debug|Any CPU
		{19A1220C-590F-4418-8E4E-7361EA76E02B}.Debug|Any CPU.Build.0 = Debug|Any CPU
		{19A1220C-590F-4418-8E4E-7361EA76E02B}.Release|Any CPU.ActiveCfg = Release|Any CPU
		{19A1220C-590F-4418-8E4E-7361EA76E02B}.Release|Any CPU.Build.0 = Release|Any CPU
	EndGlobalSection
	GlobalSection(SolutionProperties) = preSolution
		HideSolutionNode = FALSE
	EndGlobalSection
EndGlobal
