
Microsoft Visual Studio Solution File, Format Version 11.00
# Visual Studio 2010
Project("{FAE04EC0-301F-11D3-BF4B-00C04F79EFBC}") = "Source", "Source\Source.csproj", "{42FBE8AD-6AC4-43A2-A706-6A5C18CE7F3C}"
EndProject
Project("{FAE04EC0-301F-11D3-BF4B-00C04F79EFBC}") = "Tests", "Tests\Tests.csproj", "{3A95F862-8F06-4E65-BCE6-0C9B873B802F}"
EndProject
Global
	GlobalSection(SolutionConfigurationPlatforms) = preSolution
		Debug|Any CPU = Debug|Any CPU
		Release|Any CPU = Release|Any CPU
	EndGlobalSection
	GlobalSection(ProjectConfigurationPlatforms) = postSolution
		{42FBE8AD-6AC4-43A2-A706-6A5C18CE7F3C}.Debug|Any CPU.ActiveCfg = Debug|Any CPU
		{42FBE8AD-6AC4-43A2-A706-6A5C18CE7F3C}.Debug|Any CPU.Build.0 = Debug|Any CPU
		{42FBE8AD-6AC4-43A2-A706-6A5C18CE7F3C}.Release|Any CPU.ActiveCfg = Release|Any CPU
		{42FBE8AD-6AC4-43A2-A706-6A5C18CE7F3C}.Release|Any CPU.Build.0 = Release|Any CPU
		{3A95F862-8F06-4E65-BCE6-0C9B873B802F}.Debug|Any CPU.ActiveCfg = Debug|Any CPU
		{3A95F862-8F06-4E65-BCE6-0C9B873B802F}.Debug|Any CPU.Build.0 = Debug|Any CPU
		{3A95F862-8F06-4E65-BCE6-0C9B873B802F}.Release|Any CPU.ActiveCfg = Release|Any CPU
		{3A95F862-8F06-4E65-BCE6-0C9B873B802F}.Release|Any CPU.Build.0 = Release|Any CPU
	EndGlobalSection
	GlobalSection(SolutionProperties) = preSolution
		HideSolutionNode = FALSE
	EndGlobalSection
EndGlobal
