
Microsoft Visual Studio Solution File, Format Version 11.00
# Visual Studio 2010
Project("{FAE04EC0-301F-11D3-BF4B-00C04F79EFBC}") = "Source", "Source\Source.csproj", "{1FD9D68E-54FA-4890-9439-3DBE829E447A}"
EndProject
Project("{FAE04EC0-301F-11D3-BF4B-00C04F79EFBC}") = "Tests", "Tests\Tests.csproj", "{A91650A9-D74C-46F6-AECB-AEFDFA9B8755}"
EndProject
Global
	GlobalSection(SolutionConfigurationPlatforms) = preSolution
		Debug|Any CPU = Debug|Any CPU
		Release|Any CPU = Release|Any CPU
	EndGlobalSection
	GlobalSection(ProjectConfigurationPlatforms) = postSolution
		{1FD9D68E-54FA-4890-9439-3DBE829E447A}.Debug|Any CPU.ActiveCfg = Debug|Any CPU
		{1FD9D68E-54FA-4890-9439-3DBE829E447A}.Debug|Any CPU.Build.0 = Debug|Any CPU
		{1FD9D68E-54FA-4890-9439-3DBE829E447A}.Release|Any CPU.ActiveCfg = Release|Any CPU
		{1FD9D68E-54FA-4890-9439-3DBE829E447A}.Release|Any CPU.Build.0 = Release|Any CPU
		{A91650A9-D74C-46F6-AECB-AEFDFA9B8755}.Debug|Any CPU.ActiveCfg = Debug|Any CPU
		{A91650A9-D74C-46F6-AECB-AEFDFA9B8755}.Debug|Any CPU.Build.0 = Debug|Any CPU
		{A91650A9-D74C-46F6-AECB-AEFDFA9B8755}.Release|Any CPU.ActiveCfg = Release|Any CPU
		{A91650A9-D74C-46F6-AECB-AEFDFA9B8755}.Release|Any CPU.Build.0 = Release|Any CPU
	EndGlobalSection
	GlobalSection(SolutionProperties) = preSolution
		HideSolutionNode = FALSE
	EndGlobalSection
EndGlobal
