
Microsoft Visual Studio Solution File, Format Version 11.00
# Visual Studio 2010
Project("{FAE04EC0-301F-11D3-BF4B-00C04F79EFBC}") = "Source", "Source\Source.csproj", "{B4EFAA85-4EE9-4EA8-839E-4CC69A5765DC}"
EndProject
Project("{FAE04EC0-301F-11D3-BF4B-00C04F79EFBC}") = "Tests", "Tests\Tests.csproj", "{4BA6805A-3E68-441C-9208-C3DB880F6EF0}"
EndProject
Project("{FAE04EC0-301F-11D3-BF4B-00C04F79EFBC}") = "Build", "Build\Build.csproj", "{D1E30350-A3AE-490C-A042-E509A14CEFFA}"
EndProject
Global
	GlobalSection(SolutionConfigurationPlatforms) = preSolution
		Debug|Any CPU = Debug|Any CPU
		Release|Any CPU = Release|Any CPU
	EndGlobalSection
	GlobalSection(ProjectConfigurationPlatforms) = postSolution
		{B4EFAA85-4EE9-4EA8-839E-4CC69A5765DC}.Debug|Any CPU.ActiveCfg = Debug|Any CPU
		{B4EFAA85-4EE9-4EA8-839E-4CC69A5765DC}.Debug|Any CPU.Build.0 = Debug|Any CPU
		{B4EFAA85-4EE9-4EA8-839E-4CC69A5765DC}.Release|Any CPU.ActiveCfg = Release|Any CPU
		{B4EFAA85-4EE9-4EA8-839E-4CC69A5765DC}.Release|Any CPU.Build.0 = Release|Any CPU
		{4BA6805A-3E68-441C-9208-C3DB880F6EF0}.Debug|Any CPU.ActiveCfg = Debug|Any CPU
		{4BA6805A-3E68-441C-9208-C3DB880F6EF0}.Debug|Any CPU.Build.0 = Debug|Any CPU
		{4BA6805A-3E68-441C-9208-C3DB880F6EF0}.Release|Any CPU.ActiveCfg = Release|Any CPU
		{4BA6805A-3E68-441C-9208-C3DB880F6EF0}.Release|Any CPU.Build.0 = Release|Any CPU
		{D1E30350-A3AE-490C-A042-E509A14CEFFA}.Debug|Any CPU.ActiveCfg = Debug|Any CPU
		{D1E30350-A3AE-490C-A042-E509A14CEFFA}.Debug|Any CPU.Build.0 = Debug|Any CPU
		{D1E30350-A3AE-490C-A042-E509A14CEFFA}.Release|Any CPU.ActiveCfg = Release|Any CPU
		{D1E30350-A3AE-490C-A042-E509A14CEFFA}.Release|Any CPU.Build.0 = Release|Any CPU
	EndGlobalSection
	GlobalSection(SolutionProperties) = preSolution
		HideSolutionNode = FALSE
	EndGlobalSection
EndGlobal
