
Microsoft Visual Studio Solution File, Format Version 11.00
# Visual Studio 2010
Project("{FAE04EC0-301F-11D3-BF4B-00C04F79EFBC}") = "Source", "Source\Source.csproj", "{2B75532E-3B3B-49D5-8871-425BD273ED23}"
EndProject
Project("{FAE04EC0-301F-11D3-BF4B-00C04F79EFBC}") = "Tests", "Tests\Tests.csproj", "{FFF68BE6-B97F-4436-957F-C88F7C8C2701}"
EndProject
Global
	GlobalSection(SolutionConfigurationPlatforms) = preSolution
		Debug|Any CPU = Debug|Any CPU
		Release|Any CPU = Release|Any CPU
	EndGlobalSection
	GlobalSection(ProjectConfigurationPlatforms) = postSolution
		{2B75532E-3B3B-49D5-8871-425BD273ED23}.Debug|Any CPU.ActiveCfg = Debug|Any CPU
		{2B75532E-3B3B-49D5-8871-425BD273ED23}.Debug|Any CPU.Build.0 = Debug|Any CPU
		{2B75532E-3B3B-49D5-8871-425BD273ED23}.Release|Any CPU.ActiveCfg = Release|Any CPU
		{2B75532E-3B3B-49D5-8871-425BD273ED23}.Release|Any CPU.Build.0 = Release|Any CPU
		{FFF68BE6-B97F-4436-957F-C88F7C8C2701}.Debug|Any CPU.ActiveCfg = Debug|Any CPU
		{FFF68BE6-B97F-4436-957F-C88F7C8C2701}.Debug|Any CPU.Build.0 = Debug|Any CPU
		{FFF68BE6-B97F-4436-957F-C88F7C8C2701}.Release|Any CPU.ActiveCfg = Release|Any CPU
		{FFF68BE6-B97F-4436-957F-C88F7C8C2701}.Release|Any CPU.Build.0 = Release|Any CPU
	EndGlobalSection
	GlobalSection(SolutionProperties) = preSolution
		HideSolutionNode = FALSE
	EndGlobalSection
EndGlobal
