
Microsoft Visual Studio Solution File, Format Version 11.00
# Visual Studio 2010
Project("{FAE04EC0-301F-11D3-BF4B-00C04F79EFBC}") = "Source", "Source\Source.csproj", "{C6F6671E-37CB-4F77-809D-213EF647FF1A}"
EndProject
Project("{FAE04EC0-301F-11D3-BF4B-00C04F79EFBC}") = "Tests", "Tests\Tests.csproj", "{FA568EFC-5E96-4067-A5C2-BBB1A7A26ADF}"
EndProject
Global
	GlobalSection(SolutionConfigurationPlatforms) = preSolution
		Debug|Any CPU = Debug|Any CPU
		Release|Any CPU = Release|Any CPU
	EndGlobalSection
	GlobalSection(ProjectConfigurationPlatforms) = postSolution
		{C6F6671E-37CB-4F77-809D-213EF647FF1A}.Debug|Any CPU.ActiveCfg = Debug|Any CPU
		{C6F6671E-37CB-4F77-809D-213EF647FF1A}.Debug|Any CPU.Build.0 = Debug|Any CPU
		{C6F6671E-37CB-4F77-809D-213EF647FF1A}.Release|Any CPU.ActiveCfg = Release|Any CPU
		{C6F6671E-37CB-4F77-809D-213EF647FF1A}.Release|Any CPU.Build.0 = Release|Any CPU
		{FA568EFC-5E96-4067-A5C2-BBB1A7A26ADF}.Debug|Any CPU.ActiveCfg = Debug|Any CPU
		{FA568EFC-5E96-4067-A5C2-BBB1A7A26ADF}.Debug|Any CPU.Build.0 = Debug|Any CPU
		{FA568EFC-5E96-4067-A5C2-BBB1A7A26ADF}.Release|Any CPU.ActiveCfg = Release|Any CPU
		{FA568EFC-5E96-4067-A5C2-BBB1A7A26ADF}.Release|Any CPU.Build.0 = Release|Any CPU
	EndGlobalSection
	GlobalSection(SolutionProperties) = preSolution
		HideSolutionNode = FALSE
	EndGlobalSection
EndGlobal
