
Microsoft Visual Studio Solution File, Format Version 11.00
# Visual Studio 2010
Project("{FAE04EC0-301F-11D3-BF4B-00C04F79EFBC}") = "Source", "Source\Source.csproj", "{EA1B235B-9F11-46C0-AB46-09EFF444A198}"
EndProject
Project("{FAE04EC0-301F-11D3-BF4B-00C04F79EFBC}") = "Tests", "Tests\Tests.csproj", "{B09CFF4C-5CCE-4D2A-8985-3F92EC6D5698}"
EndProject
Global
	GlobalSection(SolutionConfigurationPlatforms) = preSolution
		Debug|Any CPU = Debug|Any CPU
		Release|Any CPU = Release|Any CPU
	EndGlobalSection
	GlobalSection(ProjectConfigurationPlatforms) = postSolution
		{EA1B235B-9F11-46C0-AB46-09EFF444A198}.Debug|Any CPU.ActiveCfg = Debug|Any CPU
		{EA1B235B-9F11-46C0-AB46-09EFF444A198}.Debug|Any CPU.Build.0 = Debug|Any CPU
		{EA1B235B-9F11-46C0-AB46-09EFF444A198}.Release|Any CPU.ActiveCfg = Release|Any CPU
		{EA1B235B-9F11-46C0-AB46-09EFF444A198}.Release|Any CPU.Build.0 = Release|Any CPU
		{B09CFF4C-5CCE-4D2A-8985-3F92EC6D5698}.Debug|Any CPU.ActiveCfg = Debug|Any CPU
		{B09CFF4C-5CCE-4D2A-8985-3F92EC6D5698}.Debug|Any CPU.Build.0 = Debug|Any CPU
		{B09CFF4C-5CCE-4D2A-8985-3F92EC6D5698}.Release|Any CPU.ActiveCfg = Release|Any CPU
		{B09CFF4C-5CCE-4D2A-8985-3F92EC6D5698}.Release|Any CPU.Build.0 = Release|Any CPU
	EndGlobalSection
	GlobalSection(SolutionProperties) = preSolution
		HideSolutionNode = FALSE
	EndGlobalSection
EndGlobal
