
Microsoft Visual Studio Solution File, Format Version 11.00
# Visual Studio 2010
Project("{FAE04EC0-301F-11D3-BF4B-00C04F79EFBC}") = "Source", "Source\Source.csproj", "{DC917460-E64B-419D-991F-BC937F4C2D98}"
EndProject
Project("{FAE04EC0-301F-11D3-BF4B-00C04F79EFBC}") = "Tests", "Tests\Tests.csproj", "{00D501A1-269E-4091-B098-9B934016623E}"
EndProject
Project("{FAE04EC0-301F-11D3-BF4B-00C04F79EFBC}") = "Build", "Build\Build.csproj", "{F3462855-A5EC-49E6-8924-D24A54FE0A72}"
EndProject
Global
	GlobalSection(SolutionConfigurationPlatforms) = preSolution
		Debug|Any CPU = Debug|Any CPU
		Release|Any CPU = Release|Any CPU
	EndGlobalSection
	GlobalSection(ProjectConfigurationPlatforms) = postSolution
		{DC917460-E64B-419D-991F-BC937F4C2D98}.Debug|Any CPU.ActiveCfg = Debug|Any CPU
		{DC917460-E64B-419D-991F-BC937F4C2D98}.Debug|Any CPU.Build.0 = Debug|Any CPU
		{DC917460-E64B-419D-991F-BC937F4C2D98}.Release|Any CPU.ActiveCfg = Release|Any CPU
		{DC917460-E64B-419D-991F-BC937F4C2D98}.Release|Any CPU.Build.0 = Release|Any CPU
		{00D501A1-269E-4091-B098-9B934016623E}.Debug|Any CPU.ActiveCfg = Debug|Any CPU
		{00D501A1-269E-4091-B098-9B934016623E}.Debug|Any CPU.Build.0 = Debug|Any CPU
		{00D501A1-269E-4091-B098-9B934016623E}.Release|Any CPU.ActiveCfg = Release|Any CPU
		{00D501A1-269E-4091-B098-9B934016623E}.Release|Any CPU.Build.0 = Release|Any CPU
		{F3462855-A5EC-49E6-8924-D24A54FE0A72}.Debug|Any CPU.ActiveCfg = Debug|Any CPU
		{F3462855-A5EC-49E6-8924-D24A54FE0A72}.Debug|Any CPU.Build.0 = Debug|Any CPU
		{F3462855-A5EC-49E6-8924-D24A54FE0A72}.Release|Any CPU.ActiveCfg = Release|Any CPU
		{F3462855-A5EC-49E6-8924-D24A54FE0A72}.Release|Any CPU.Build.0 = Release|Any CPU
	EndGlobalSection
	GlobalSection(SolutionProperties) = preSolution
		HideSolutionNode = FALSE
	EndGlobalSection
EndGlobal
