
Microsoft Visual Studio Solution File, Format Version 11.00
# Visual Studio 2010
Project("{FAE04EC0-301F-11D3-BF4B-00C04F79EFBC}") = "Source", "Source\Source.csproj", "{31F88D8B-4653-4F04-8B2A-E79D0291134A}"
EndProject
Project("{FAE04EC0-301F-11D3-BF4B-00C04F79EFBC}") = "Tests", "Tests\Tests.csproj", "{1D11CC3E-8AB7-4D0D-881A-A433DB40E075}"
EndProject
Global
	GlobalSection(SolutionConfigurationPlatforms) = preSolution
		Debug|Any CPU = Debug|Any CPU
		Release|Any CPU = Release|Any CPU
	EndGlobalSection
	GlobalSection(ProjectConfigurationPlatforms) = postSolution
		{31F88D8B-4653-4F04-8B2A-E79D0291134A}.Debug|Any CPU.ActiveCfg = Debug|Any CPU
		{31F88D8B-4653-4F04-8B2A-E79D0291134A}.Debug|Any CPU.Build.0 = Debug|Any CPU
		{31F88D8B-4653-4F04-8B2A-E79D0291134A}.Release|Any CPU.ActiveCfg = Release|Any CPU
		{31F88D8B-4653-4F04-8B2A-E79D0291134A}.Release|Any CPU.Build.0 = Release|Any CPU
		{1D11CC3E-8AB7-4D0D-881A-A433DB40E075}.Debug|Any CPU.ActiveCfg = Debug|Any CPU
		{1D11CC3E-8AB7-4D0D-881A-A433DB40E075}.Debug|Any CPU.Build.0 = Debug|Any CPU
		{1D11CC3E-8AB7-4D0D-881A-A433DB40E075}.Release|Any CPU.ActiveCfg = Release|Any CPU
		{1D11CC3E-8AB7-4D0D-881A-A433DB40E075}.Release|Any CPU.Build.0 = Release|Any CPU
	EndGlobalSection
	GlobalSection(SolutionProperties) = preSolution
		HideSolutionNode = FALSE
	EndGlobalSection
EndGlobal
