
Microsoft Visual Studio Solution File, Format Version 11.00
# Visual Studio 2010
Project("{FAE04EC0-301F-11D3-BF4B-00C04F79EFBC}") = "Source", "Source\Source.csproj", "{65F0C770-C9DA-4B8E-9DBB-A869A23F9E5A}"
EndProject
Project("{FAE04EC0-301F-11D3-BF4B-00C04F79EFBC}") = "Tests", "Tests\Tests.csproj", "{FFF5228F-6D2F-4EED-B2F5-8099DAF2CA7C}"
EndProject
Global
	GlobalSection(SolutionConfigurationPlatforms) = preSolution
		Debug|Any CPU = Debug|Any CPU
		Release|Any CPU = Release|Any CPU
	EndGlobalSection
	GlobalSection(ProjectConfigurationPlatforms) = postSolution
		{65F0C770-C9DA-4B8E-9DBB-A869A23F9E5A}.Debug|Any CPU.ActiveCfg = Debug|Any CPU
		{65F0C770-C9DA-4B8E-9DBB-A869A23F9E5A}.Debug|Any CPU.Build.0 = Debug|Any CPU
		{65F0C770-C9DA-4B8E-9DBB-A869A23F9E5A}.Release|Any CPU.ActiveCfg = Release|Any CPU
		{65F0C770-C9DA-4B8E-9DBB-A869A23F9E5A}.Release|Any CPU.Build.0 = Release|Any CPU
		{FFF5228F-6D2F-4EED-B2F5-8099DAF2CA7C}.Debug|Any CPU.ActiveCfg = Debug|Any CPU
		{FFF5228F-6D2F-4EED-B2F5-8099DAF2CA7C}.Debug|Any CPU.Build.0 = Debug|Any CPU
		{FFF5228F-6D2F-4EED-B2F5-8099DAF2CA7C}.Release|Any CPU.ActiveCfg = Release|Any CPU
		{FFF5228F-6D2F-4EED-B2F5-8099DAF2CA7C}.Release|Any CPU.Build.0 = Release|Any CPU
	EndGlobalSection
	GlobalSection(SolutionProperties) = preSolution
		HideSolutionNode = FALSE
	EndGlobalSection
EndGlobal
