
Microsoft Visual Studio Solution File, Format Version 11.00
# Visual Studio 2010
Project("{FAE04EC0-301F-11D3-BF4B-00C04F79EFBC}") = "Source", "Source\Source.csproj", "{DA80CE85-A315-4C53-8020-DBA86E5A7374}"
EndProject
Project("{FAE04EC0-301F-11D3-BF4B-00C04F79EFBC}") = "Tests", "Tests\Tests.csproj", "{062C5D43-4CA1-4E74-BB93-5974373EA52F}"
EndProject
Global
	GlobalSection(SolutionConfigurationPlatforms) = preSolution
		Debug|Any CPU = Debug|Any CPU
		Release|Any CPU = Release|Any CPU
	EndGlobalSection
	GlobalSection(ProjectConfigurationPlatforms) = postSolution
		{DA80CE85-A315-4C53-8020-DBA86E5A7374}.Debug|Any CPU.ActiveCfg = Debug|Any CPU
		{DA80CE85-A315-4C53-8020-DBA86E5A7374}.Debug|Any CPU.Build.0 = Debug|Any CPU
		{DA80CE85-A315-4C53-8020-DBA86E5A7374}.Release|Any CPU.ActiveCfg = Release|Any CPU
		{DA80CE85-A315-4C53-8020-DBA86E5A7374}.Release|Any CPU.Build.0 = Release|Any CPU
		{062C5D43-4CA1-4E74-BB93-5974373EA52F}.Debug|Any CPU.ActiveCfg = Debug|Any CPU
		{062C5D43-4CA1-4E74-BB93-5974373EA52F}.Debug|Any CPU.Build.0 = Debug|Any CPU
		{062C5D43-4CA1-4E74-BB93-5974373EA52F}.Release|Any CPU.ActiveCfg = Release|Any CPU
		{062C5D43-4CA1-4E74-BB93-5974373EA52F}.Release|Any CPU.Build.0 = Release|Any CPU
	EndGlobalSection
	GlobalSection(SolutionProperties) = preSolution
		HideSolutionNode = FALSE
	EndGlobalSection
EndGlobal
